
Microsoft Visual Studio Solution File, Format Version 12.00
# Visual Studio 15
VisualStudioVersion = 15.0.28307.960
MinimumVisualStudioVersion = 10.0.40219.1
Project("{8BC9CEB8-8B4A-11D0-8D11-00A0C91BC942}") = "粒子滤波_图像重构", "粒子滤波_图像重构\粒子滤波_图像重构.vcxproj", "{64017701-927A-47A8-92CD-E8B42B9B6C98}"
EndProject
Global
	GlobalSection(Performance) = preSolution
		HasPerformanceSessions = true
	EndGlobalSection
	GlobalSection(SolutionConfigurationPlatforms) = preSolution
		Debug|Win32 = Debug|Win32
		Release|Win32 = Release|Win32
	EndGlobalSection
	GlobalSection(ProjectConfigurationPlatforms) = postSolution
		{64017701-927A-47A8-92CD-E8B42B9B6C98}.Debug|Win32.ActiveCfg = Debug|Win32
		{64017701-927A-47A8-92CD-E8B42B9B6C98}.Debug|Win32.Build.0 = Debug|Win32
		{64017701-927A-47A8-92CD-E8B42B9B6C98}.Release|Win32.ActiveCfg = Release|Win32
		{64017701-927A-47A8-92CD-E8B42B9B6C98}.Release|Win32.Build.0 = Release|Win32
	EndGlobalSection
	GlobalSection(SolutionProperties) = preSolution
		HideSolutionNode = FALSE
	EndGlobalSection
	GlobalSection(ExtensibilityGlobals) = postSolution
		SolutionGuid = {AF5371D4-4723-46A8-A9AE-F344C0900E73}
	EndGlobalSection
	GlobalSection(Performance) = preSolution
		HasPerformanceSessions = true
	EndGlobalSection
	GlobalSection(Performance) = preSolution
		HasPerformanceSessions = true
	EndGlobalSection
EndGlobal
